// !$*UTF8*$!
{
	archiveVersion = 1;
	classes = {
	};
	objectVersion = 56;
	objects = {

/* Begin PBXBuildFile section */
		D059C26D2BD7EF6000CFC268 /* RPCClient.swift in Sources */ = {isa = PBXBuildFile; fileRef = D059C24E2BD7EF6000CFC268 /* RPCClient.swift */; };
		D059C26E2BD7EF6000CFC268 /* MessageModel.swift in Sources */ = {isa = PBXBuildFile; fileRef = D059C2502BD7EF6000CFC268 /* MessageModel.swift */; };
		D059C26F2BD7EF6000CFC268 /* ModuleStatus.swift in Sources */ = {isa = PBXBuildFile; fileRef = D059C2512BD7EF6000CFC268 /* ModuleStatus.swift */; };
		D059C2702BD7EF6000CFC268 /* ContactsModel.swift in Sources */ = {isa = PBXBuildFile; fileRef = D059C2522BD7EF6000CFC268 /* ContactsModel.swift */; };
		D059C2712BD7EF6000CFC268 /* UserData.swift in Sources */ = {isa = PBXBuildFile; fileRef = D059C2532BD7EF6000CFC268 /* UserData.swift */; };
		D059C2722BD7EF6000CFC268 /* ContactModel.swift in Sources */ = {isa = PBXBuildFile; fileRef = D059C2542BD7EF6000CFC268 /* ContactModel.swift */; };
		D059C2732BD7EF6000CFC268 /* OdooError.swift in Sources */ = {isa = PBXBuildFile; fileRef = D059C2562BD7EF6000CFC268 /* OdooError.swift */; };
		D059C2742BD7EF6000CFC268 /* HTTPMethod.swift in Sources */ = {isa = PBXBuildFile; fileRef = D059C2572BD7EF6000CFC268 /* HTTPMethod.swift */; };
		D059C2752BD7EF6000CFC268 /* OdooClient.swift in Sources */ = {isa = PBXBuildFile; fileRef = D059C2582BD7EF6000CFC268 /* OdooClient.swift */; };
		D059C2762BD7EF6000CFC268 /* Credentials.swift in Sources */ = {isa = PBXBuildFile; fileRef = D059C2592BD7EF6000CFC268 /* Credentials.swift */; };
		D059C2772BD7EF6000CFC268 /* ModuleService.swift in Sources */ = {isa = PBXBuildFile; fileRef = D059C25C2BD7EF6000CFC268 /* ModuleService.swift */; };
		D059C2782BD7EF6000CFC268 /* OdooService.swift in Sources */ = {isa = PBXBuildFile; fileRef = D059C25E2BD7EF6000CFC268 /* OdooService.swift */; };
		D059C2792BD7EF6000CFC268 /* UserDataService.swift in Sources */ = {isa = PBXBuildFile; fileRef = D059C2602BD7EF6000CFC268 /* UserDataService.swift */; };
		D059C27A2BD7EF6000CFC268 /* MessageService.swift in Sources */ = {isa = PBXBuildFile; fileRef = D059C2622BD7EF6000CFC268 /* MessageService.swift */; };
		D059C27B2BD7EF6000CFC268 /* AuthenticationServiceTotp.swift in Sources */ = {isa = PBXBuildFile; fileRef = D059C2642BD7EF6000CFC268 /* AuthenticationServiceTotp.swift */; };
		D059C27C2BD7EF6000CFC268 /* CetmixCommunicatorService.swift in Sources */ = {isa = PBXBuildFile; fileRef = D059C2652BD7EF6000CFC268 /* CetmixCommunicatorService.swift */; };
		D059C27D2BD7EF6000CFC268 /* AuthService.swift in Sources */ = {isa = PBXBuildFile; fileRef = D059C2662BD7EF6000CFC268 /* AuthService.swift */; };
		D059C27E2BD7EF6000CFC268 /* DatabaseService.swift in Sources */ = {isa = PBXBuildFile; fileRef = D059C2672BD7EF6000CFC268 /* DatabaseService.swift */; };
		D059C27F2BD7EF6000CFC268 /* ContactAction.swift in Sources */ = {isa = PBXBuildFile; fileRef = D059C2692BD7EF6000CFC268 /* ContactAction.swift */; };
		D059C2802BD7EF6000CFC268 /* ContactSearchParameters.swift in Sources */ = {isa = PBXBuildFile; fileRef = D059C26A2BD7EF6000CFC268 /* ContactSearchParameters.swift */; };
		D059C2812BD7EF6000CFC268 /* IDFilterType.swift in Sources */ = {isa = PBXBuildFile; fileRef = D059C26B2BD7EF6000CFC268 /* IDFilterType.swift */; };
		D059C2822BD7EF6000CFC268 /* ContactsService.swift in Sources */ = {isa = PBXBuildFile; fileRef = D059C26C2BD7EF6000CFC268 /* ContactsService.swift */; };
		D0730DD52BD7C40800BA5F36 /* Package.swift in Sources */ = {isa = PBXBuildFile; fileRef = D0730DD42BD7C40800BA5F36 /* Package.swift */; };
/* End PBXBuildFile section */

/* Begin PBXCopyFilesBuildPhase section */
		D07DB2BB2BCACEC200E03B5C /* CopyFiles */ = {
			isa = PBXCopyFilesBuildPhase;
			buildActionMask = 2147483647;
			dstPath = "include/$(PRODUCT_NAME)";
			dstSubfolderSpec = 16;
			files = (
			);
			runOnlyForDeploymentPostprocessing = 0;
		};
/* End PBXCopyFilesBuildPhase section */

/* Begin PBXFileReference section */
		D059C24E2BD7EF6000CFC268 /* RPCClient.swift */ = {isa = PBXFileReference; fileEncoding = 4; lastKnownFileType = sourcecode.swift; path = RPCClient.swift; sourceTree = "<group>"; };
		D059C2502BD7EF6000CFC268 /* MessageModel.swift */ = {isa = PBXFileReference; fileEncoding = 4; lastKnownFileType = sourcecode.swift; path = MessageModel.swift; sourceTree = "<group>"; };
		D059C2512BD7EF6000CFC268 /* ModuleStatus.swift */ = {isa = PBXFileReference; fileEncoding = 4; lastKnownFileType = sourcecode.swift; path = ModuleStatus.swift; sourceTree = "<group>"; };
		D059C2522BD7EF6000CFC268 /* ContactsModel.swift */ = {isa = PBXFileReference; fileEncoding = 4; lastKnownFileType = sourcecode.swift; path = ContactsModel.swift; sourceTree = "<group>"; };
		D059C2532BD7EF6000CFC268 /* UserData.swift */ = {isa = PBXFileReference; fileEncoding = 4; lastKnownFileType = sourcecode.swift; path = UserData.swift; sourceTree = "<group>"; };
		D059C2542BD7EF6000CFC268 /* ContactModel.swift */ = {isa = PBXFileReference; fileEncoding = 4; lastKnownFileType = sourcecode.swift; path = ContactModel.swift; sourceTree = "<group>"; };
		D059C2562BD7EF6000CFC268 /* OdooError.swift */ = {isa = PBXFileReference; fileEncoding = 4; lastKnownFileType = sourcecode.swift; path = OdooError.swift; sourceTree = "<group>"; };
		D059C2572BD7EF6000CFC268 /* HTTPMethod.swift */ = {isa = PBXFileReference; fileEncoding = 4; lastKnownFileType = sourcecode.swift; path = HTTPMethod.swift; sourceTree = "<group>"; };
		D059C2582BD7EF6000CFC268 /* OdooClient.swift */ = {isa = PBXFileReference; fileEncoding = 4; lastKnownFileType = sourcecode.swift; path = OdooClient.swift; sourceTree = "<group>"; };
		D059C2592BD7EF6000CFC268 /* Credentials.swift */ = {isa = PBXFileReference; fileEncoding = 4; lastKnownFileType = sourcecode.swift; path = Credentials.swift; sourceTree = "<group>"; };
		D059C25C2BD7EF6000CFC268 /* ModuleService.swift */ = {isa = PBXFileReference; fileEncoding = 4; lastKnownFileType = sourcecode.swift; path = ModuleService.swift; sourceTree = "<group>"; };
		D059C25E2BD7EF6000CFC268 /* OdooService.swift */ = {isa = PBXFileReference; fileEncoding = 4; lastKnownFileType = sourcecode.swift; path = OdooService.swift; sourceTree = "<group>"; };
		D059C2602BD7EF6000CFC268 /* UserDataService.swift */ = {isa = PBXFileReference; fileEncoding = 4; lastKnownFileType = sourcecode.swift; path = UserDataService.swift; sourceTree = "<group>"; };
		D059C2622BD7EF6000CFC268 /* MessageService.swift */ = {isa = PBXFileReference; fileEncoding = 4; lastKnownFileType = sourcecode.swift; path = MessageService.swift; sourceTree = "<group>"; };
		D059C2642BD7EF6000CFC268 /* AuthenticationServiceTotp.swift */ = {isa = PBXFileReference; fileEncoding = 4; lastKnownFileType = sourcecode.swift; path = AuthenticationServiceTotp.swift; sourceTree = "<group>"; };
		D059C2652BD7EF6000CFC268 /* CetmixCommunicatorService.swift */ = {isa = PBXFileReference; fileEncoding = 4; lastKnownFileType = sourcecode.swift; path = CetmixCommunicatorService.swift; sourceTree = "<group>"; };
		D059C2662BD7EF6000CFC268 /* AuthService.swift */ = {isa = PBXFileReference; fileEncoding = 4; lastKnownFileType = sourcecode.swift; path = AuthService.swift; sourceTree = "<group>"; };
		D059C2672BD7EF6000CFC268 /* DatabaseService.swift */ = {isa = PBXFileReference; fileEncoding = 4; lastKnownFileType = sourcecode.swift; path = DatabaseService.swift; sourceTree = "<group>"; };
		D059C2692BD7EF6000CFC268 /* ContactAction.swift */ = {isa = PBXFileReference; fileEncoding = 4; lastKnownFileType = sourcecode.swift; path = ContactAction.swift; sourceTree = "<group>"; };
		D059C26A2BD7EF6000CFC268 /* ContactSearchParameters.swift */ = {isa = PBXFileReference; fileEncoding = 4; lastKnownFileType = sourcecode.swift; path = ContactSearchParameters.swift; sourceTree = "<group>"; };
		D059C26B2BD7EF6000CFC268 /* IDFilterType.swift */ = {isa = PBXFileReference; fileEncoding = 4; lastKnownFileType = sourcecode.swift; path = IDFilterType.swift; sourceTree = "<group>"; };
		D059C26C2BD7EF6000CFC268 /* ContactsService.swift */ = {isa = PBXFileReference; fileEncoding = 4; lastKnownFileType = sourcecode.swift; path = ContactsService.swift; sourceTree = "<group>"; };
		D0730DD42BD7C40800BA5F36 /* Package.swift */ = {isa = PBXFileReference; lastKnownFileType = sourcecode.swift; path = Package.swift; sourceTree = "<group>"; };
		D07DB2BD2BCACEC200E03B5C /* libOdooRPC.a */ = {isa = PBXFileReference; explicitFileType = archive.ar; includeInIndex = 0; path = libOdooRPC.a; sourceTree = BUILT_PRODUCTS_DIR; };
/* End PBXFileReference section */

/* Begin PBXFrameworksBuildPhase section */
		D07DB2BA2BCACEC200E03B5C /* Frameworks */ = {
			isa = PBXFrameworksBuildPhase;
			buildActionMask = 2147483647;
			files = (
			);
			runOnlyForDeploymentPostprocessing = 0;
		};
/* End PBXFrameworksBuildPhase section */

/* Begin PBXGroup section */
		D059C24C2BD7EF6000CFC268 /* Sources */ = {
			isa = PBXGroup;
			children = (
				D059C24D2BD7EF6000CFC268 /* Network */,
				D059C24F2BD7EF6000CFC268 /* Models */,
				D059C2552BD7EF6000CFC268 /* Utilities */,
				D059C25A2BD7EF6000CFC268 /* Services */,
			);
			path = Sources;
			sourceTree = "<group>";
		};
		D059C24D2BD7EF6000CFC268 /* Network */ = {
			isa = PBXGroup;
			children = (
				D059C24E2BD7EF6000CFC268 /* RPCClient.swift */,
			);
			path = Network;
			sourceTree = "<group>";
		};
		D059C24F2BD7EF6000CFC268 /* Models */ = {
			isa = PBXGroup;
			children = (
				D059C2502BD7EF6000CFC268 /* MessageModel.swift */,
				D059C2512BD7EF6000CFC268 /* ModuleStatus.swift */,
				D059C2522BD7EF6000CFC268 /* ContactsModel.swift */,
				D059C2532BD7EF6000CFC268 /* UserData.swift */,
				D059C2542BD7EF6000CFC268 /* ContactModel.swift */,
			);
			path = Models;
			sourceTree = "<group>";
		};
		D059C2552BD7EF6000CFC268 /* Utilities */ = {
			isa = PBXGroup;
			children = (
				D059C2562BD7EF6000CFC268 /* OdooError.swift */,
				D059C2572BD7EF6000CFC268 /* HTTPMethod.swift */,
				D059C2582BD7EF6000CFC268 /* OdooClient.swift */,
				D059C2592BD7EF6000CFC268 /* Credentials.swift */,
			);
			path = Utilities;
			sourceTree = "<group>";
		};
		D059C25A2BD7EF6000CFC268 /* Services */ = {
			isa = PBXGroup;
			children = (
				D059C25B2BD7EF6000CFC268 /* ModuleService */,
				D059C25D2BD7EF6000CFC268 /* OdooService */,
				D059C25F2BD7EF6000CFC268 /* UserService */,
				D059C2612BD7EF6000CFC268 /* MessageService */,
				D059C2632BD7EF6000CFC268 /* AuthenticationService */,
				D059C2682BD7EF6000CFC268 /* ContactService */,
			);
			path = Services;
			sourceTree = "<group>";
		};
		D059C25B2BD7EF6000CFC268 /* ModuleService */ = {
			isa = PBXGroup;
			children = (
				D059C25C2BD7EF6000CFC268 /* ModuleService.swift */,
			);
			path = ModuleService;
			sourceTree = "<group>";
		};
		D059C25D2BD7EF6000CFC268 /* OdooService */ = {
			isa = PBXGroup;
			children = (
				D059C25E2BD7EF6000CFC268 /* OdooService.swift */,
			);
			path = OdooService;
			sourceTree = "<group>";
		};
		D059C25F2BD7EF6000CFC268 /* UserService */ = {
			isa = PBXGroup;
			children = (
				D059C2602BD7EF6000CFC268 /* UserDataService.swift */,
			);
			path = UserService;
			sourceTree = "<group>";
		};
		D059C2612BD7EF6000CFC268 /* MessageService */ = {
			isa = PBXGroup;
			children = (
				D059C2622BD7EF6000CFC268 /* MessageService.swift */,
			);
			path = MessageService;
			sourceTree = "<group>";
		};
		D059C2632BD7EF6000CFC268 /* AuthenticationService */ = {
			isa = PBXGroup;
			children = (
				D059C2642BD7EF6000CFC268 /* AuthenticationServiceTotp.swift */,
				D059C2652BD7EF6000CFC268 /* CetmixCommunicatorService.swift */,
				D059C2662BD7EF6000CFC268 /* AuthService.swift */,
				D059C2672BD7EF6000CFC268 /* DatabaseService.swift */,
			);
			path = AuthenticationService;
			sourceTree = "<group>";
		};
		D059C2682BD7EF6000CFC268 /* ContactService */ = {
			isa = PBXGroup;
			children = (
				D059C2692BD7EF6000CFC268 /* ContactAction.swift */,
				D059C26A2BD7EF6000CFC268 /* ContactSearchParameters.swift */,
				D059C26B2BD7EF6000CFC268 /* IDFilterType.swift */,
				D059C26C2BD7EF6000CFC268 /* ContactsService.swift */,
			);
			path = ContactService;
			sourceTree = "<group>";
		};
		D07DB2B42BCACEC200E03B5C = {
			isa = PBXGroup;
			children = (
				D0730DD42BD7C40800BA5F36 /* Package.swift */,
				D059C24C2BD7EF6000CFC268 /* Sources */,
				D07DB2BE2BCACEC200E03B5C /* Products */,
			);
			sourceTree = "<group>";
		};
		D07DB2BE2BCACEC200E03B5C /* Products */ = {
			isa = PBXGroup;
			children = (
				D07DB2BD2BCACEC200E03B5C /* libOdooRPC.a */,
			);
			name = Products;
			sourceTree = "<group>";
		};
/* End PBXGroup section */

/* Begin PBXNativeTarget section */
		D07DB2BC2BCACEC200E03B5C /* OdooRPC */ = {
			isa = PBXNativeTarget;
			buildConfigurationList = D07DB2C42BCACEC200E03B5C /* Build configuration list for PBXNativeTarget "OdooRPC" */;
			buildPhases = (
				D07DB2B92BCACEC200E03B5C /* Sources */,
				D07DB2BA2BCACEC200E03B5C /* Frameworks */,
				D07DB2BB2BCACEC200E03B5C /* CopyFiles */,
			);
			buildRules = (
			);
			dependencies = (
			);
			name = OdooRPC;
			productName = OdooRPC;
			productReference = D07DB2BD2BCACEC200E03B5C /* libOdooRPC.a */;
			productType = "com.apple.product-type.library.static";
		};
/* End PBXNativeTarget section */

/* Begin PBXProject section */
		D07DB2B52BCACEC200E03B5C /* Project object */ = {
			isa = PBXProject;
			attributes = {
				BuildIndependentTargetsInParallel = 1;
				LastSwiftUpdateCheck = 1500;
				LastUpgradeCheck = 1500;
				TargetAttributes = {
					D07DB2BC2BCACEC200E03B5C = {
						CreatedOnToolsVersion = 15.0;
					};
				};
			};
			buildConfigurationList = D07DB2B82BCACEC200E03B5C /* Build configuration list for PBXProject "OdooRPC" */;
			compatibilityVersion = "Xcode 14.0";
			developmentRegion = en;
			hasScannedForEncodings = 0;
			knownRegions = (
				en,
				Base,
			);
			mainGroup = D07DB2B42BCACEC200E03B5C;
			productRefGroup = D07DB2BE2BCACEC200E03B5C /* Products */;
			projectDirPath = "";
			projectRoot = "";
			targets = (
				D07DB2BC2BCACEC200E03B5C /* OdooRPC */,
			);
		};
/* End PBXProject section */

/* Begin PBXSourcesBuildPhase section */
		D07DB2B92BCACEC200E03B5C /* Sources */ = {
			isa = PBXSourcesBuildPhase;
			buildActionMask = 2147483647;
			files = (
				D059C27F2BD7EF6000CFC268 /* ContactAction.swift in Sources */,
				D059C2822BD7EF6000CFC268 /* ContactsService.swift in Sources */,
				D059C2712BD7EF6000CFC268 /* UserData.swift in Sources */,
				D059C2772BD7EF6000CFC268 /* ModuleService.swift in Sources */,
				D059C27B2BD7EF6000CFC268 /* AuthenticationServiceTotp.swift in Sources */,
				D059C27D2BD7EF6000CFC268 /* AuthService.swift in Sources */,
				D059C2802BD7EF6000CFC268 /* ContactSearchParameters.swift in Sources */,
				D059C2792BD7EF6000CFC268 /* UserDataService.swift in Sources */,
				D059C27E2BD7EF6000CFC268 /* DatabaseService.swift in Sources */,
				D059C2812BD7EF6000CFC268 /* IDFilterType.swift in Sources */,
				D059C2752BD7EF6000CFC268 /* OdooClient.swift in Sources */,
				D059C2702BD7EF6000CFC268 /* ContactsModel.swift in Sources */,
				D059C2782BD7EF6000CFC268 /* OdooService.swift in Sources */,
				D059C2762BD7EF6000CFC268 /* Credentials.swift in Sources */,
				D059C26D2BD7EF6000CFC268 /* RPCClient.swift in Sources */,
				D059C26E2BD7EF6000CFC268 /* MessageModel.swift in Sources */,
				D059C2722BD7EF6000CFC268 /* ContactModel.swift in Sources */,
				D059C27A2BD7EF6000CFC268 /* MessageService.swift in Sources */,
				D059C2742BD7EF6000CFC268 /* HTTPMethod.swift in Sources */,
				D059C2732BD7EF6000CFC268 /* OdooError.swift in Sources */,
				D0730DD52BD7C40800BA5F36 /* Package.swift in Sources */,
				D059C26F2BD7EF6000CFC268 /* ModuleStatus.swift in Sources */,
				D059C27C2BD7EF6000CFC268 /* CetmixCommunicatorService.swift in Sources */,
			);
			runOnlyForDeploymentPostprocessing = 0;
		};
/* End PBXSourcesBuildPhase section */

/* Begin XCBuildConfiguration section */
		D07DB2C22BCACEC200E03B5C /* Debug */ = {
			isa = XCBuildConfiguration;
			buildSettings = {
				ALWAYS_SEARCH_USER_PATHS = NO;
				ASSETCATALOG_COMPILER_GENERATE_SWIFT_ASSET_SYMBOL_EXTENSIONS = YES;
				CLANG_ANALYZER_NONNULL = YES;
				CLANG_ANALYZER_NUMBER_OBJECT_CONVERSION = YES_AGGRESSIVE;
				CLANG_CXX_LANGUAGE_STANDARD = "gnu++20";
				CLANG_ENABLE_MODULES = YES;
				CLANG_ENABLE_OBJC_ARC = YES;
				CLANG_ENABLE_OBJC_WEAK = YES;
				CLANG_WARN_BLOCK_CAPTURE_AUTORELEASING = YES;
				CLANG_WARN_BOOL_CONVERSION = YES;
				CLANG_WARN_COMMA = YES;
				CLANG_WARN_CONSTANT_CONVERSION = YES;
				CLANG_WARN_DEPRECATED_OBJC_IMPLEMENTATIONS = YES;
				CLANG_WARN_DIRECT_OBJC_ISA_USAGE = YES_ERROR;
				CLANG_WARN_DOCUMENTATION_COMMENTS = YES;
				CLANG_WARN_EMPTY_BODY = YES;
				CLANG_WARN_ENUM_CONVERSION = YES;
				CLANG_WARN_INFINITE_RECURSION = YES;
				CLANG_WARN_INT_CONVERSION = YES;
				CLANG_WARN_NON_LITERAL_NULL_CONVERSION = YES;
				CLANG_WARN_OBJC_IMPLICIT_RETAIN_SELF = YES;
				CLANG_WARN_OBJC_LITERAL_CONVERSION = YES;
				CLANG_WARN_OBJC_ROOT_CLASS = YES_ERROR;
				CLANG_WARN_QUOTED_INCLUDE_IN_FRAMEWORK_HEADER = YES;
				CLANG_WARN_RANGE_LOOP_ANALYSIS = YES;
				CLANG_WARN_STRICT_PROTOTYPES = YES;
				CLANG_WARN_SUSPICIOUS_MOVE = YES;
				CLANG_WARN_UNGUARDED_AVAILABILITY = YES_AGGRESSIVE;
				CLANG_WARN_UNREACHABLE_CODE = YES;
				CLANG_WARN__DUPLICATE_METHOD_MATCH = YES;
				COPY_PHASE_STRIP = NO;
				DEBUG_INFORMATION_FORMAT = dwarf;
				ENABLE_STRICT_OBJC_MSGSEND = YES;
				ENABLE_TESTABILITY = YES;
				ENABLE_USER_SCRIPT_SANDBOXING = YES;
				GCC_C_LANGUAGE_STANDARD = gnu17;
				GCC_DYNAMIC_NO_PIC = NO;
				GCC_NO_COMMON_BLOCKS = YES;
				GCC_OPTIMIZATION_LEVEL = 0;
				GCC_PREPROCESSOR_DEFINITIONS = (
					"DEBUG=1",
					"$(inherited)",
				);
				GCC_WARN_64_TO_32_BIT_CONVERSION = YES;
				GCC_WARN_ABOUT_RETURN_TYPE = YES_ERROR;
				GCC_WARN_UNDECLARED_SELECTOR = YES;
				GCC_WARN_UNINITIALIZED_AUTOS = YES_AGGRESSIVE;
				GCC_WARN_UNUSED_FUNCTION = YES;
				GCC_WARN_UNUSED_VARIABLE = YES;
				IPHONEOS_DEPLOYMENT_TARGET = 15.0;
				LOCALIZATION_PREFERS_STRING_CATALOGS = YES;
				MTL_ENABLE_DEBUG_INFO = INCLUDE_SOURCE;
				MTL_FAST_MATH = YES;
				ONLY_ACTIVE_ARCH = YES;
				SDKROOT = iphoneos;
				SWIFT_ACTIVE_COMPILATION_CONDITIONS = "DEBUG $(inherited)";
				SWIFT_OPTIMIZATION_LEVEL = "-Onone";
			};
			name = Debug;
		};
		D07DB2C32BCACEC200E03B5C /* Release */ = {
			isa = XCBuildConfiguration;
			buildSettings = {
				ALWAYS_SEARCH_USER_PATHS = NO;
				ASSETCATALOG_COMPILER_GENERATE_SWIFT_ASSET_SYMBOL_EXTENSIONS = YES;
				CLANG_ANALYZER_NONNULL = YES;
				CLANG_ANALYZER_NUMBER_OBJECT_CONVERSION = YES_AGGRESSIVE;
				CLANG_CXX_LANGUAGE_STANDARD = "gnu++20";
				CLANG_ENABLE_MODULES = YES;
				CLANG_ENABLE_OBJC_ARC = YES;
				CLANG_ENABLE_OBJC_WEAK = YES;
				CLANG_WARN_BLOCK_CAPTURE_AUTORELEASING = YES;
				CLANG_WARN_BOOL_CONVERSION = YES;
				CLANG_WARN_COMMA = YES;
				CLANG_WARN_CONSTANT_CONVERSION = YES;
				CLANG_WARN_DEPRECATED_OBJC_IMPLEMENTATIONS = YES;
				CLANG_WARN_DIRECT_OBJC_ISA_USAGE = YES_ERROR;
				CLANG_WARN_DOCUMENTATION_COMMENTS = YES;
				CLANG_WARN_EMPTY_BODY = YES;
				CLANG_WARN_ENUM_CONVERSION = YES;
				CLANG_WARN_INFINITE_RECURSION = YES;
				CLANG_WARN_INT_CONVERSION = YES;
				CLANG_WARN_NON_LITERAL_NULL_CONVERSION = YES;
				CLANG_WARN_OBJC_IMPLICIT_RETAIN_SELF = YES;
				CLANG_WARN_OBJC_LITERAL_CONVERSION = YES;
				CLANG_WARN_OBJC_ROOT_CLASS = YES_ERROR;
				CLANG_WARN_QUOTED_INCLUDE_IN_FRAMEWORK_HEADER = YES;
				CLANG_WARN_RANGE_LOOP_ANALYSIS = YES;
				CLANG_WARN_STRICT_PROTOTYPES = YES;
				CLANG_WARN_SUSPICIOUS_MOVE = YES;
				CLANG_WARN_UNGUARDED_AVAILABILITY = YES_AGGRESSIVE;
				CLANG_WARN_UNREACHABLE_CODE = YES;
				CLANG_WARN__DUPLICATE_METHOD_MATCH = YES;
				COPY_PHASE_STRIP = NO;
				DEBUG_INFORMATION_FORMAT = "dwarf-with-dsym";
				ENABLE_NS_ASSERTIONS = NO;
				ENABLE_STRICT_OBJC_MSGSEND = YES;
				ENABLE_USER_SCRIPT_SANDBOXING = YES;
				GCC_C_LANGUAGE_STANDARD = gnu17;
				GCC_NO_COMMON_BLOCKS = YES;
				GCC_WARN_64_TO_32_BIT_CONVERSION = YES;
				GCC_WARN_ABOUT_RETURN_TYPE = YES_ERROR;
				GCC_WARN_UNDECLARED_SELECTOR = YES;
				GCC_WARN_UNINITIALIZED_AUTOS = YES_AGGRESSIVE;
				GCC_WARN_UNUSED_FUNCTION = YES;
				GCC_WARN_UNUSED_VARIABLE = YES;
				IPHONEOS_DEPLOYMENT_TARGET = 15.0;
				LOCALIZATION_PREFERS_STRING_CATALOGS = YES;
				MTL_ENABLE_DEBUG_INFO = NO;
				MTL_FAST_MATH = YES;
				SDKROOT = iphoneos;
				SWIFT_COMPILATION_MODE = wholemodule;
				VALIDATE_PRODUCT = YES;
			};
			name = Release;
		};
		D07DB2C52BCACEC200E03B5C /* Debug */ = {
			isa = XCBuildConfiguration;
			buildSettings = {
				CODE_SIGN_STYLE = Automatic;
				DEVELOPMENT_TEAM = Y9NCLVZ4U8;
				OTHER_LDFLAGS = "-ObjC";
				PRODUCT_NAME = "$(TARGET_NAME)";
				SKIP_INSTALL = YES;
				SWIFT_VERSION = 5.0;
				TARGETED_DEVICE_FAMILY = "1,2";
			};
			name = Debug;
		};
		D07DB2C62BCACEC200E03B5C /* Release */ = {
			isa = XCBuildConfiguration;
			buildSettings = {
				CODE_SIGN_STYLE = Automatic;
				DEVELOPMENT_TEAM = Y9NCLVZ4U8;
				OTHER_LDFLAGS = "-ObjC";
				PRODUCT_NAME = "$(TARGET_NAME)";
				SKIP_INSTALL = YES;
				SWIFT_VERSION = 5.0;
				TARGETED_DEVICE_FAMILY = "1,2";
			};
			name = Release;
		};
/* End XCBuildConfiguration section */

/* Begin XCConfigurationList section */
		D07DB2B82BCACEC200E03B5C /* Build configuration list for PBXProject "OdooRPC" */ = {
			isa = XCConfigurationList;
			buildConfigurations = (
				D07DB2C22BCACEC200E03B5C /* Debug */,
				D07DB2C32BCACEC200E03B5C /* Release */,
			);
			defaultConfigurationIsVisible = 0;
			defaultConfigurationName = Release;
		};
		D07DB2C42BCACEC200E03B5C /* Build configuration list for PBXNativeTarget "OdooRPC" */ = {
			isa = XCConfigurationList;
			buildConfigurations = (
				D07DB2C52BCACEC200E03B5C /* Debug */,
				D07DB2C62BCACEC200E03B5C /* Release */,
			);
			defaultConfigurationIsVisible = 0;
			defaultConfigurationName = Release;
		};
/* End XCConfigurationList section */
	};
	rootObject = D07DB2B52BCACEC200E03B5C /* Project object */;
}
